
Microsoft Visual Studio Solution File, Format Version 12.00
# Visual Studio 14
VisualStudioVersion = 14.0.25420.1
MinimumVisualStudioVersion = 10.0.40219.1
Project("{FAE04EC0-301F-11D3-BF4B-00C04F79EFBC}") = "RF_Web", "RF_Web.csproj", "{6CB3922C-19F4-40E6-B1E5-F4F6C7686906}"
EndProject
Project("{E24C65DC-7377-472B-9ABA-BC803B73C61A}") = "RF_teach", "http://localhost/RF_teach", "{196B9DAD-B409-4224-B31F-8E7F74027671}"
	ProjectSection(WebsiteProperties) = preProject
		UseIISExpress = "false"
		TargetFrameworkMoniker = ".NETFramework,Version%3Dv4.5"
		Debug.AspNetCompiler.VirtualPath = "/RF_teach"
		Debug.AspNetCompiler.PhysicalPath = "..\RF_teach\"
		Debug.AspNetCompiler.TargetPath = "PrecompiledWeb\RF_teach\"
		Debug.AspNetCompiler.Updateable = "true"
		Debug.AspNetCompiler.ForceOverwrite = "true"
		Debug.AspNetCompiler.FixedNames = "false"
		Debug.AspNetCompiler.Debug = "True"
		Release.AspNetCompiler.VirtualPath = "/RF_teach"
		Release.AspNetCompiler.PhysicalPath = "..\RF_teach\"
		Release.AspNetCompiler.TargetPath = "PrecompiledWeb\RF_teach\"
		Release.AspNetCompiler.Updateable = "true"
		Release.AspNetCompiler.ForceOverwrite = "true"
		Release.AspNetCompiler.FixedNames = "false"
		Release.AspNetCompiler.Debug = "False"
		SlnRelativePath = "..\RF_teach\"
	EndProjectSection
EndProject
Global
	GlobalSection(SolutionConfigurationPlatforms) = preSolution
		Debug|Any CPU = Debug|Any CPU
		Release|Any CPU = Release|Any CPU
	EndGlobalSection
	GlobalSection(ProjectConfigurationPlatforms) = postSolution
		{6CB3922C-19F4-40E6-B1E5-F4F6C7686906}.Debug|Any CPU.ActiveCfg = Debug|Any CPU
		{6CB3922C-19F4-40E6-B1E5-F4F6C7686906}.Debug|Any CPU.Build.0 = Debug|Any CPU
		{6CB3922C-19F4-40E6-B1E5-F4F6C7686906}.Release|Any CPU.ActiveCfg = Release|Any CPU
		{6CB3922C-19F4-40E6-B1E5-F4F6C7686906}.Release|Any CPU.Build.0 = Release|Any CPU
		{196B9DAD-B409-4224-B31F-8E7F74027671}.Debug|Any CPU.ActiveCfg = Debug|Any CPU
		{196B9DAD-B409-4224-B31F-8E7F74027671}.Debug|Any CPU.Build.0 = Debug|Any CPU
		{196B9DAD-B409-4224-B31F-8E7F74027671}.Release|Any CPU.ActiveCfg = Debug|Any CPU
		{196B9DAD-B409-4224-B31F-8E7F74027671}.Release|Any CPU.Build.0 = Debug|Any CPU
	EndGlobalSection
	GlobalSection(SolutionProperties) = preSolution
		HideSolutionNode = FALSE
	EndGlobalSection
EndGlobal
